// !$*UTF8*$!
{
	archiveVersion = 1;
	classes = {
	};
	objectVersion = 50;
	objects = {

/* Begin PBXBuildFile section */
		9B5C7AA126FCB0A7009F60EA /* GesturesSupportApp.swift in Sources */ = {isa = PBXBuildFile; fileRef = 9B5C7AA026FCB0A7009F60EA /* GesturesSupportApp.swift */; };
		9B5C7AA326FCB0A7009F60EA /* ContentView.swift in Sources */ = {isa = PBXBuildFile; fileRef = 9B5C7AA226FCB0A7009F60EA /* ContentView.swift */; };
		9B5C7AA526FCB0A9009F60EA /* Assets.xcassets in Resources */ = {isa = PBXBuildFile; fileRef = 9B5C7AA426FCB0A9009F60EA /* Assets.xcassets */; };
		9B5C7AA826FCB0A9009F60EA /* Preview Assets.xcassets in Resources */ = {isa = PBXBuildFile; fileRef = 9B5C7AA726FCB0A9009F60EA /* Preview Assets.xcassets */; };
		9B5C7AB026FCB0F7009F60EA /* CardView.swift in Sources */ = {isa = PBXBuildFile; fileRef = 9B5C7AAF26FCB0F7009F60EA /* CardView.swift */; };
/* End PBXBuildFile section */

/* Begin PBXFileReference section */
		9B5C7A9D26FCB0A7009F60EA /* GesturesSupport.app */ = {isa = PBXFileReference; explicitFileType = wrapper.application; includeInIndex = 0; path = GesturesSupport.app; sourceTree = BUILT_PRODUCTS_DIR; };
		9B5C7AA026FCB0A7009F60EA /* GesturesSupportApp.swift */ = {isa = PBXFileReference; lastKnownFileType = sourcecode.swift; path = GesturesSupportApp.swift; sourceTree = "<group>"; };
		9B5C7AA226FCB0A7009F60EA /* ContentView.swift */ = {isa = PBXFileReference; lastKnownFileType = sourcecode.swift; path = ContentView.swift; sourceTree = "<group>"; };
		9B5C7AA426FCB0A9009F60EA /* Assets.xcassets */ = {isa = PBXFileReference; lastKnownFileType = folder.assetcatalog; path = Assets.xcassets; sourceTree = "<group>"; };
		9B5C7AA726FCB0A9009F60EA /* Preview Assets.xcassets */ = {isa = PBXFileReference; lastKnownFileType = folder.assetcatalog; path = "Preview Assets.xcassets"; sourceTree = "<group>"; };
		9B5C7AA926FCB0A9009F60EA /* Info.plist */ = {isa = PBXFileReference; lastKnownFileType = text.plist.xml; path = Info.plist; sourceTree = "<group>"; };
		9B5C7AAF26FCB0F7009F60EA /* CardView.swift */ = {isa = PBXFileReference; lastKnownFileType = sourcecode.swift; path = CardView.swift; sourceTree = "<group>"; };
/* End PBXFileReference section */

/* Begin PBXFrameworksBuildPhase section */
		9B5C7A9A26FCB0A7009F60EA /* Frameworks */ = {
			isa = PBXFrameworksBuildPhase;
			buildActionMask = 2147483647;
			files = (
			);
			runOnlyForDeploymentPostprocessing = 0;
		};
/* End PBXFrameworksBuildPhase section */

/* Begin PBXGroup section */
		9B5C7A9426FCB0A7009F60EA = {
			isa = PBXGroup;
			children = (
				9B5C7A9F26FCB0A7009F60EA /* GesturesSupport */,
				9B5C7A9E26FCB0A7009F60EA /* Products */,
			);
			sourceTree = "<group>";
		};
		9B5C7A9E26FCB0A7009F60EA /* Products */ = {
			isa = PBXGroup;
			children = (
				9B5C7A9D26FCB0A7009F60EA /* GesturesSupport.app */,
			);
			name = Products;
			sourceTree = "<group>";
		};
		9B5C7A9F26FCB0A7009F60EA /* GesturesSupport */ = {
			isa = PBXGroup;
			children = (
				9B5C7AA026FCB0A7009F60EA /* GesturesSupportApp.swift */,
				9B5C7AA226FCB0A7009F60EA /* ContentView.swift */,
				9B5C7AA426FCB0A9009F60EA /* Assets.xcassets */,
				9B5C7AA926FCB0A9009F60EA /* Info.plist */,
				9B5C7AA626FCB0A9009F60EA /* Preview Content */,
				9B5C7AAF26FCB0F7009F60EA /* CardView.swift */,
			);
			path = GesturesSupport;
			sourceTree = "<group>";
		};
		9B5C7AA626FCB0A9009F60EA /* Preview Content */ = {
			isa = PBXGroup;
			children = (
				9B5C7AA726FCB0A9009F60EA /* Preview Assets.xcassets */,
			);
			path = "Preview Content";
			sourceTree = "<group>";
		};
/* End PBXGroup section */

/* Begin PBXNativeTarget section */
		9B5C7A9C26FCB0A7009F60EA /* GesturesSupport */ = {
			isa = PBXNativeTarget;
			buildConfigurationList = 9B5C7AAC26FCB0A9009F60EA /* Build configuration list for PBXNativeTarget "GesturesSupport" */;
			buildPhases = (
				9B5C7A9926FCB0A7009F60EA /* Sources */,
				9B5C7A9A26FCB0A7009F60EA /* Frameworks */,
				9B5C7A9B26FCB0A7009F60EA /* Resources */,
			);
			buildRules = (
			);
			dependencies = (
			);
			name = GesturesSupport;
			productName = GesturesSupport;
			productReference = 9B5C7A9D26FCB0A7009F60EA /* GesturesSupport.app */;
			productType = "com.apple.product-type.application";
		};
/* End PBXNativeTarget section */

/* Begin PBXProject section */
		9B5C7A9526FCB0A7009F60EA /* Project object */ = {
			isa = PBXProject;
			attributes = {
				LastSwiftUpdateCheck = 1250;
				LastUpgradeCheck = 1250;
				TargetAttributes = {
					9B5C7A9C26FCB0A7009F60EA = {
						CreatedOnToolsVersion = 12.5.1;
					};
				};
			};
			buildConfigurationList = 9B5C7A9826FCB0A7009F60EA /* Build configuration list for PBXProject "GesturesSupport" */;
			compatibilityVersion = "Xcode 9.3";
			developmentRegion = en;
			hasScannedForEncodings = 0;
			knownRegions = (
				en,
				Base,
			);
			mainGroup = 9B5C7A9426FCB0A7009F60EA;
			productRefGroup = 9B5C7A9E26FCB0A7009F60EA /* Products */;
			projectDirPath = "";
			projectRoot = "";
			targets = (
				9B5C7A9C26FCB0A7009F60EA /* GesturesSupport */,
			);
		};
/* End PBXProject section */

/* Begin PBXResourcesBuildPhase section */
		9B5C7A9B26FCB0A7009F60EA /* Resources */ = {
			isa = PBXResourcesBuildPhase;
			buildActionMask = 2147483647;
			files = (
				9B5C7AA826FCB0A9009F60EA /* Preview Assets.xcassets in Resources */,
				9B5C7AA526FCB0A9009F60EA /* Assets.xcassets in Resources */,
			);
			runOnlyForDeploymentPostprocessing = 0;
		};
/* End PBXResourcesBuildPhase section */

/* Begin PBXSourcesBuildPhase section */
		9B5C7A9926FCB0A7009F60EA /* Sources */ = {
			isa = PBXSourcesBuildPhase;
			buildActionMask = 2147483647;
			files = (
				9B5C7AA326FCB0A7009F60EA /* ContentView.swift in Sources */,
				9B5C7AB026FCB0F7009F60EA /* CardView.swift in Sources */,
				9B5C7AA126FCB0A7009F60EA /* GesturesSupportApp.swift in Sources */,
			);
			runOnlyForDeploymentPostprocessing = 0;
		};
/* End PBXSourcesBuildPhase section */

/* Begin XCBuildConfiguration section */
		9B5C7AAA26FCB0A9009F60EA /* Debug */ = {
			isa = XCBuildConfiguration;
			buildSettings = {
				ALWAYS_SEARCH_USER_PATHS = NO;
				CLANG_ANALYZER_NONNULL = YES;
				CLANG_ANALYZER_NUMBER_OBJECT_CONVERSION = YES_AGGRESSIVE;
				CLANG_CXX_LANGUAGE_STANDARD = "gnu++14";
				CLANG_CXX_LIBRARY = "libc++";
				CLANG_ENABLE_MODULES = YES;
				CLANG_ENABLE_OBJC_ARC = YES;
				CLANG_ENABLE_OBJC_WEAK = YES;
				CLANG_WARN_BLOCK_CAPTURE_AUTORELEASING = YES;
				CLANG_WARN_BOOL_CONVERSION = YES;
				CLANG_WARN_COMMA = YES;
				CLANG_WARN_CONSTANT_CONVERSION = YES;
				CLANG_WARN_DEPRECATED_OBJC_IMPLEMENTATIONS = YES;
				CLANG_WARN_DIRECT_OBJC_ISA_USAGE = YES_ERROR;
				CLANG_WARN_DOCUMENTATION_COMMENTS = YES;
				CLANG_WARN_EMPTY_BODY = YES;
				CLANG_WARN_ENUM_CONVERSION = YES;
				CLANG_WARN_INFINITE_RECURSION = YES;
				CLANG_WARN_INT_CONVERSION = YES;
				CLANG_WARN_NON_LITERAL_NULL_CONVERSION = YES;
				CLANG_WARN_OBJC_IMPLICIT_RETAIN_SELF = YES;
				CLANG_WARN_OBJC_LITERAL_CONVERSION = YES;
				CLANG_WARN_OBJC_ROOT_CLASS = YES_ERROR;
				CLANG_WARN_QUOTED_INCLUDE_IN_FRAMEWORK_HEADER = YES;
				CLANG_WARN_RANGE_LOOP_ANALYSIS = YES;
				CLANG_WARN_STRICT_PROTOTYPES = YES;
				CLANG_WARN_SUSPICIOUS_MOVE = YES;
				CLANG_WARN_UNGUARDED_AVAILABILITY = YES_AGGRESSIVE;
				CLANG_WARN_UNREACHABLE_CODE = YES;
				CLANG_WARN__DUPLICATE_METHOD_MATCH = YES;
				COPY_PHASE_STRIP = NO;
				DEBUG_INFORMATION_FORMAT = dwarf;
				ENABLE_STRICT_OBJC_MSGSEND = YES;
				ENABLE_TESTABILITY = YES;
				GCC_C_LANGUAGE_STANDARD = gnu11;
				GCC_DYNAMIC_NO_PIC = NO;
				GCC_NO_COMMON_BLOCKS = YES;
				GCC_OPTIMIZATION_LEVEL = 0;
				GCC_PREPROCESSOR_DEFINITIONS = (
					"DEBUG=1",
					"$(inherited)",
				);
				GCC_WARN_64_TO_32_BIT_CONVERSION = YES;
				GCC_WARN_ABOUT_RETURN_TYPE = YES_ERROR;
				GCC_WARN_UNDECLARED_SELECTOR = YES;
				GCC_WARN_UNINITIALIZED_AUTOS = YES_AGGRESSIVE;
				GCC_WARN_UNUSED_FUNCTION = YES;
				GCC_WARN_UNUSED_VARIABLE = YES;
				IPHONEOS_DEPLOYMENT_TARGET = 14.5;
				MTL_ENABLE_DEBUG_INFO = INCLUDE_SOURCE;
				MTL_FAST_MATH = YES;
				ONLY_ACTIVE_ARCH = YES;
				SDKROOT = iphoneos;
				SWIFT_ACTIVE_COMPILATION_CONDITIONS = DEBUG;
				SWIFT_OPTIMIZATION_LEVEL = "-Onone";
			};
			name = Debug;
		};
		9B5C7AAB26FCB0A9009F60EA /* Release */ = {
			isa = XCBuildConfiguration;
			buildSettings = {
				ALWAYS_SEARCH_USER_PATHS = NO;
				CLANG_ANALYZER_NONNULL = YES;
				CLANG_ANALYZER_NUMBER_OBJECT_CONVERSION = YES_AGGRESSIVE;
				CLANG_CXX_LANGUAGE_STANDARD = "gnu++14";
				CLANG_CXX_LIBRARY = "libc++";
				CLANG_ENABLE_MODULES = YES;
				CLANG_ENABLE_OBJC_ARC = YES;
				CLANG_ENABLE_OBJC_WEAK = YES;
				CLANG_WARN_BLOCK_CAPTURE_AUTORELEASING = YES;
				CLANG_WARN_BOOL_CONVERSION = YES;
				CLANG_WARN_COMMA = YES;
				CLANG_WARN_CONSTANT_CONVERSION = YES;
				CLANG_WARN_DEPRECATED_OBJC_IMPLEMENTATIONS = YES;
				CLANG_WARN_DIRECT_OBJC_ISA_USAGE = YES_ERROR;
				CLANG_WARN_DOCUMENTATION_COMMENTS = YES;
				CLANG_WARN_EMPTY_BODY = YES;
				CLANG_WARN_ENUM_CONVERSION = YES;
				CLANG_WARN_INFINITE_RECURSION = YES;
				CLANG_WARN_INT_CONVERSION = YES;
				CLANG_WARN_NON_LITERAL_NULL_CONVERSION = YES;
				CLANG_WARN_OBJC_IMPLICIT_RETAIN_SELF = YES;
				CLANG_WARN_OBJC_LITERAL_CONVERSION = YES;
				CLANG_WARN_OBJC_ROOT_CLASS = YES_ERROR;
				CLANG_WARN_QUOTED_INCLUDE_IN_FRAMEWORK_HEADER = YES;
				CLANG_WARN_RANGE_LOOP_ANALYSIS = YES;
				CLANG_WARN_STRICT_PROTOTYPES = YES;
				CLANG_WARN_SUSPICIOUS_MOVE = YES;
				CLANG_WARN_UNGUARDED_AVAILABILITY = YES_AGGRESSIVE;
				CLANG_WARN_UNREACHABLE_CODE = YES;
				CLANG_WARN__DUPLICATE_METHOD_MATCH = YES;
				COPY_PHASE_STRIP = NO;
				DEBUG_INFORMATION_FORMAT = "dwarf-with-dsym";
				ENABLE_NS_ASSERTIONS = NO;
				ENABLE_STRICT_OBJC_MSGSEND = YES;
				GCC_C_LANGUAGE_STANDARD = gnu11;
				GCC_NO_COMMON_BLOCKS = YES;
				GCC_WARN_64_TO_32_BIT_CONVERSION = YES;
				GCC_WARN_ABOUT_RETURN_TYPE = YES_ERROR;
				GCC_WARN_UNDECLARED_SELECTOR = YES;
				GCC_WARN_UNINITIALIZED_AUTOS = YES_AGGRESSIVE;
				GCC_WARN_UNUSED_FUNCTION = YES;
				GCC_WARN_UNUSED_VARIABLE = YES;
				IPHONEOS_DEPLOYMENT_TARGET = 14.5;
				MTL_ENABLE_DEBUG_INFO = NO;
				MTL_FAST_MATH = YES;
				SDKROOT = iphoneos;
				SWIFT_COMPILATION_MODE = wholemodule;
				SWIFT_OPTIMIZATION_LEVEL = "-O";
				VALIDATE_PRODUCT = YES;
			};
			name = Release;
		};
		9B5C7AAD26FCB0A9009F60EA /* Debug */ = {
			isa = XCBuildConfiguration;
			buildSettings = {
				ASSETCATALOG_COMPILER_APPICON_NAME = AppIcon;
				ASSETCATALOG_COMPILER_GLOBAL_ACCENT_COLOR_NAME = AccentColor;
				CODE_SIGN_STYLE = Automatic;
				DEVELOPMENT_ASSET_PATHS = "\"GesturesSupport/Preview Content\"";
				ENABLE_PREVIEWS = YES;
				INFOPLIST_FILE = GesturesSupport/Info.plist;
				IPHONEOS_DEPLOYMENT_TARGET = 14.0;
				LD_RUNPATH_SEARCH_PATHS = (
					"$(inherited)",
					"@executable_path/Frameworks",
				);
				PRODUCT_BUNDLE_IDENTIFIER = C.GesturesSupport;
				PRODUCT_NAME = "$(TARGET_NAME)";
				SWIFT_VERSION = 5.0;
				TARGETED_DEVICE_FAMILY = "1,2";
			};
			name = Debug;
		};
		9B5C7AAE26FCB0A9009F60EA /* Release */ = {
			isa = XCBuildConfiguration;
			buildSettings = {
				ASSETCATALOG_COMPILER_APPICON_NAME = AppIcon;
				ASSETCATALOG_COMPILER_GLOBAL_ACCENT_COLOR_NAME = AccentColor;
				CODE_SIGN_STYLE = Automatic;
				DEVELOPMENT_ASSET_PATHS = "\"GesturesSupport/Preview Content\"";
				ENABLE_PREVIEWS = YES;
				INFOPLIST_FILE = GesturesSupport/Info.plist;
				IPHONEOS_DEPLOYMENT_TARGET = 14.0;
				LD_RUNPATH_SEARCH_PATHS = (
					"$(inherited)",
					"@executable_path/Frameworks",
				);
				PRODUCT_BUNDLE_IDENTIFIER = C.GesturesSupport;
				PRODUCT_NAME = "$(TARGET_NAME)";
				SWIFT_VERSION = 5.0;
				TARGETED_DEVICE_FAMILY = "1,2";
			};
			name = Release;
		};
/* End XCBuildConfiguration section */

/* Begin XCConfigurationList section */
		9B5C7A9826FCB0A7009F60EA /* Build configuration list for PBXProject "GesturesSupport" */ = {
			isa = XCConfigurationList;
			buildConfigurations = (
				9B5C7AAA26FCB0A9009F60EA /* Debug */,
				9B5C7AAB26FCB0A9009F60EA /* Release */,
			);
			defaultConfigurationIsVisible = 0;
			defaultConfigurationName = Release;
		};
		9B5C7AAC26FCB0A9009F60EA /* Build configuration list for PBXNativeTarget "GesturesSupport" */ = {
			isa = XCConfigurationList;
			buildConfigurations = (
				9B5C7AAD26FCB0A9009F60EA /* Debug */,
				9B5C7AAE26FCB0A9009F60EA /* Release */,
			);
			defaultConfigurationIsVisible = 0;
			defaultConfigurationName = Release;
		};
/* End XCConfigurationList section */
	};
	rootObject = 9B5C7A9526FCB0A7009F60EA /* Project object */;
}
